{
  "created_utc": "2026-07-16T00:00:00.000000Z",
  "environment_fingerprint": "206239B6E05282A8F5BC7D40DE97DFCB971A5EA19AA76D9BDC10B78DE70C2905",
  "host": "runtime-v02-legacy-fixture",
  "process_id": 4242,
  "request_sha256": "CED549D5CA352ED2E28DEF36209D642967E511F9DF5AD4A6AAEF7510739777FB",
  "resource_key": "CA02AD68DDB70047E8A488E5EF343D1D4C1D7C53EFD35FA07C9C58F33CD509E1",
  "run_id": "11111111-1111-4111-8111-111111111111",
  "schema_version": "0.1"
}
